// !$*UTF8*$!
{
	archiveVersion = 1;
	classes = {
	};
	objectVersion = 46;
	objects = {

/* Begin PBXBuildFile section */
		8044041819FC1606002FE65E /* ContentViewController.xib in Resources */ = {isa = PBXBuildFile; fileRef = 8044041719FC1606002FE65E /* ContentViewController.xib */; };
		80989B9019FBF0A70066AF71 /* AppDelegate.swift in Sources */ = {isa = PBXBuildFile; fileRef = 80989B8F19FBF0A70066AF71 /* AppDelegate.swift */; };
		80989B9419FBF0A70066AF71 /* Images.xcassets in Resources */ = {isa = PBXBuildFile; fileRef = 80989B9319FBF0A70066AF71 /* Images.xcassets */; };
		80989BB119FBF6A70066AF71 /* Main.storyboard in Resources */ = {isa = PBXBuildFile; fileRef = 80989BAF19FBF6A70066AF71 /* Main.storyboard */; };
		80989BB319FBFCA80066AF71 /* MainViewController.swift in Sources */ = {isa = PBXBuildFile; fileRef = 80989BB219FBFCA80066AF71 /* MainViewController.swift */; };
		80989BB519FBFCC80066AF71 /* ContentViewController.swift in Sources */ = {isa = PBXBuildFile; fileRef = 80989BB419FBFCC80066AF71 /* ContentViewController.swift */; };
/* End PBXBuildFile section */

/* Begin PBXFileReference section */
		8044041719FC1606002FE65E /* ContentViewController.xib */ = {isa = PBXFileReference; fileEncoding = 4; lastKnownFileType = file.xib; path = ContentViewController.xib; sourceTree = "<group>"; };
		80989B8A19FBF0A70066AF71 /* DetachablePopover.app */ = {isa = PBXFileReference; explicitFileType = wrapper.application; includeInIndex = 0; path = DetachablePopover.app; sourceTree = BUILT_PRODUCTS_DIR; };
		80989B8E19FBF0A70066AF71 /* Info.plist */ = {isa = PBXFileReference; lastKnownFileType = text.plist.xml; path = Info.plist; sourceTree = "<group>"; };
		80989B8F19FBF0A70066AF71 /* AppDelegate.swift */ = {isa = PBXFileReference; lastKnownFileType = sourcecode.swift; path = AppDelegate.swift; sourceTree = "<group>"; };
		80989B9319FBF0A70066AF71 /* Images.xcassets */ = {isa = PBXFileReference; lastKnownFileType = folder.assetcatalog; path = Images.xcassets; sourceTree = "<group>"; };
		80989BB019FBF6A70066AF71 /* Base */ = {isa = PBXFileReference; lastKnownFileType = file.storyboard; name = Base; path = Base.lproj/Main.storyboard; sourceTree = "<group>"; };
		80989BB219FBFCA80066AF71 /* MainViewController.swift */ = {isa = PBXFileReference; fileEncoding = 4; lastKnownFileType = sourcecode.swift; path = MainViewController.swift; sourceTree = "<group>"; };
		80989BB419FBFCC80066AF71 /* ContentViewController.swift */ = {isa = PBXFileReference; fileEncoding = 4; lastKnownFileType = sourcecode.swift; path = ContentViewController.swift; sourceTree = "<group>"; };
/* End PBXFileReference section */

/* Begin PBXFrameworksBuildPhase section */
		80989B8719FBF0A70066AF71 /* Frameworks */ = {
			isa = PBXFrameworksBuildPhase;
			buildActionMask = 2147483647;
			files = (
			);
			runOnlyForDeploymentPostprocessing = 0;
		};
/* End PBXFrameworksBuildPhase section */

/* Begin PBXGroup section */
		80989B8119FBF0A70066AF71 = {
			isa = PBXGroup;
			children = (
				80989BAC19FBF1D70066AF71 /* Sources */,
				80989BAD19FBF1DD0066AF71 /* Resources */,
				80989BAE19FBF1E50066AF71 /* Supporting Files */,
				80989B8B19FBF0A70066AF71 /* Products */,
			);
			sourceTree = "<group>";
		};
		80989B8B19FBF0A70066AF71 /* Products */ = {
			isa = PBXGroup;
			children = (
				80989B8A19FBF0A70066AF71 /* DetachablePopover.app */,
			);
			name = Products;
			sourceTree = "<group>";
		};
		80989BAC19FBF1D70066AF71 /* Sources */ = {
			isa = PBXGroup;
			children = (
				80989B8F19FBF0A70066AF71 /* AppDelegate.swift */,
				80989BB219FBFCA80066AF71 /* MainViewController.swift */,
				80989BB419FBFCC80066AF71 /* ContentViewController.swift */,
			);
			path = Sources;
			sourceTree = "<group>";
		};
		80989BAD19FBF1DD0066AF71 /* Resources */ = {
			isa = PBXGroup;
			children = (
				80989BAF19FBF6A70066AF71 /* Main.storyboard */,
				8044041719FC1606002FE65E /* ContentViewController.xib */,
				80989B9319FBF0A70066AF71 /* Images.xcassets */,
			);
			path = Resources;
			sourceTree = "<group>";
		};
		80989BAE19FBF1E50066AF71 /* Supporting Files */ = {
			isa = PBXGroup;
			children = (
				80989B8E19FBF0A70066AF71 /* Info.plist */,
			);
			path = "Supporting Files";
			sourceTree = "<group>";
		};
/* End PBXGroup section */

/* Begin PBXNativeTarget section */
		80989B8919FBF0A70066AF71 /* DetachablePopover */ = {
			isa = PBXNativeTarget;
			buildConfigurationList = 80989BA619FBF0A80066AF71 /* Build configuration list for PBXNativeTarget "DetachablePopover" */;
			buildPhases = (
				80989B8619FBF0A70066AF71 /* Sources */,
				80989B8719FBF0A70066AF71 /* Frameworks */,
				80989B8819FBF0A70066AF71 /* Resources */,
			);
			buildRules = (
			);
			dependencies = (
			);
			name = DetachablePopover;
			productName = DetachablePopover;
			productReference = 80989B8A19FBF0A70066AF71 /* DetachablePopover.app */;
			productType = "com.apple.product-type.application";
		};
/* End PBXNativeTarget section */

/* Begin PBXProject section */
		80989B8219FBF0A70066AF71 /* Project object */ = {
			isa = PBXProject;
			attributes = {
				LastUpgradeCheck = 0610;
				ORGANIZATIONNAME = "Lukas Kubanek";
				TargetAttributes = {
					80989B8919FBF0A70066AF71 = {
						CreatedOnToolsVersion = 6.1;
					};
				};
			};
			buildConfigurationList = 80989B8519FBF0A70066AF71 /* Build configuration list for PBXProject "DetachablePopover" */;
			compatibilityVersion = "Xcode 3.2";
			developmentRegion = English;
			hasScannedForEncodings = 0;
			knownRegions = (
				en,
				Base,
			);
			mainGroup = 80989B8119FBF0A70066AF71;
			productRefGroup = 80989B8B19FBF0A70066AF71 /* Products */;
			projectDirPath = "";
			projectRoot = "";
			targets = (
				80989B8919FBF0A70066AF71 /* DetachablePopover */,
			);
		};
/* End PBXProject section */

/* Begin PBXResourcesBuildPhase section */
		80989B8819FBF0A70066AF71 /* Resources */ = {
			isa = PBXResourcesBuildPhase;
			buildActionMask = 2147483647;
			files = (
				80989B9419FBF0A70066AF71 /* Images.xcassets in Resources */,
				80989BB119FBF6A70066AF71 /* Main.storyboard in Resources */,
				8044041819FC1606002FE65E /* ContentViewController.xib in Resources */,
			);
			runOnlyForDeploymentPostprocessing = 0;
		};
/* End PBXResourcesBuildPhase section */

/* Begin PBXSourcesBuildPhase section */
		80989B8619FBF0A70066AF71 /* Sources */ = {
			isa = PBXSourcesBuildPhase;
			buildActionMask = 2147483647;
			files = (
				80989B9019FBF0A70066AF71 /* AppDelegate.swift in Sources */,
				80989BB519FBFCC80066AF71 /* ContentViewController.swift in Sources */,
				80989BB319FBFCA80066AF71 /* MainViewController.swift in Sources */,
			);
			runOnlyForDeploymentPostprocessing = 0;
		};
/* End PBXSourcesBuildPhase section */

/* Begin PBXVariantGroup section */
		80989BAF19FBF6A70066AF71 /* Main.storyboard */ = {
			isa = PBXVariantGroup;
			children = (
				80989BB019FBF6A70066AF71 /* Base */,
			);
			name = Main.storyboard;
			sourceTree = "<group>";
		};
/* End PBXVariantGroup section */

/* Begin XCBuildConfiguration section */
		80989BA419FBF0A80066AF71 /* Debug */ = {
			isa = XCBuildConfiguration;
			buildSettings = {
				ALWAYS_SEARCH_USER_PATHS = NO;
				CLANG_CXX_LANGUAGE_STANDARD = "gnu++0x";
				CLANG_CXX_LIBRARY = "libc++";
				CLANG_ENABLE_MODULES = YES;
				CLANG_ENABLE_OBJC_ARC = YES;
				CLANG_WARN_BOOL_CONVERSION = YES;
				CLANG_WARN_CONSTANT_CONVERSION = YES;
				CLANG_WARN_DIRECT_OBJC_ISA_USAGE = YES_ERROR;
				CLANG_WARN_EMPTY_BODY = YES;
				CLANG_WARN_ENUM_CONVERSION = YES;
				CLANG_WARN_INT_CONVERSION = YES;
				CLANG_WARN_OBJC_ROOT_CLASS = YES_ERROR;
				CLANG_WARN_UNREACHABLE_CODE = YES;
				CLANG_WARN__DUPLICATE_METHOD_MATCH = YES;
				CODE_SIGN_IDENTITY = "-";
				COPY_PHASE_STRIP = NO;
				ENABLE_STRICT_OBJC_MSGSEND = YES;
				GCC_C_LANGUAGE_STANDARD = gnu99;
				GCC_DYNAMIC_NO_PIC = NO;
				GCC_OPTIMIZATION_LEVEL = 0;
				GCC_PREPROCESSOR_DEFINITIONS = (
					"DEBUG=1",
					"$(inherited)",
				);
				GCC_SYMBOLS_PRIVATE_EXTERN = NO;
				GCC_WARN_64_TO_32_BIT_CONVERSION = YES;
				GCC_WARN_ABOUT_RETURN_TYPE = YES_ERROR;
				GCC_WARN_UNDECLARED_SELECTOR = YES;
				GCC_WARN_UNINITIALIZED_AUTOS = YES_AGGRESSIVE;
				GCC_WARN_UNUSED_FUNCTION = YES;
				GCC_WARN_UNUSED_VARIABLE = YES;
				MACOSX_DEPLOYMENT_TARGET = 10.10;
				MTL_ENABLE_DEBUG_INFO = YES;
				ONLY_ACTIVE_ARCH = YES;
				SDKROOT = macosx;
				SWIFT_OPTIMIZATION_LEVEL = "-Onone";
			};
			name = Debug;
		};
		80989BA519FBF0A80066AF71 /* Release */ = {
			isa = XCBuildConfiguration;
			buildSettings = {
				ALWAYS_SEARCH_USER_PATHS = NO;
				CLANG_CXX_LANGUAGE_STANDARD = "gnu++0x";
				CLANG_CXX_LIBRARY = "libc++";
				CLANG_ENABLE_MODULES = YES;
				CLANG_ENABLE_OBJC_ARC = YES;
				CLANG_WARN_BOOL_CONVERSION = YES;
				CLANG_WARN_CONSTANT_CONVERSION = YES;
				CLANG_WARN_DIRECT_OBJC_ISA_USAGE = YES_ERROR;
				CLANG_WARN_EMPTY_BODY = YES;
				CLANG_WARN_ENUM_CONVERSION = YES;
				CLANG_WARN_INT_CONVERSION = YES;
				CLANG_WARN_OBJC_ROOT_CLASS = YES_ERROR;
				CLANG_WARN_UNREACHABLE_CODE = YES;
				CLANG_WARN__DUPLICATE_METHOD_MATCH = YES;
				CODE_SIGN_IDENTITY = "-";
				COPY_PHASE_STRIP = YES;
				DEBUG_INFORMATION_FORMAT = "dwarf-with-dsym";
				ENABLE_NS_ASSERTIONS = NO;
				ENABLE_STRICT_OBJC_MSGSEND = YES;
				GCC_C_LANGUAGE_STANDARD = gnu99;
				GCC_WARN_64_TO_32_BIT_CONVERSION = YES;
				GCC_WARN_ABOUT_RETURN_TYPE = YES_ERROR;
				GCC_WARN_UNDECLARED_SELECTOR = YES;
				GCC_WARN_UNINITIALIZED_AUTOS = YES_AGGRESSIVE;
				GCC_WARN_UNUSED_FUNCTION = YES;
				GCC_WARN_UNUSED_VARIABLE = YES;
				MACOSX_DEPLOYMENT_TARGET = 10.10;
				MTL_ENABLE_DEBUG_INFO = NO;
				SDKROOT = macosx;
			};
			name = Release;
		};
		80989BA719FBF0A80066AF71 /* Debug */ = {
			isa = XCBuildConfiguration;
			buildSettings = {
				ASSETCATALOG_COMPILER_APPICON_NAME = AppIcon;
				COMBINE_HIDPI_IMAGES = YES;
				INFOPLIST_FILE = "Supporting Files/Info.plist";
				LD_RUNPATH_SEARCH_PATHS = "$(inherited) @executable_path/../Frameworks";
				MACOSX_DEPLOYMENT_TARGET = 10.10;
				PRODUCT_NAME = "$(TARGET_NAME)";
			};
			name = Debug;
		};
		80989BA819FBF0A80066AF71 /* Release */ = {
			isa = XCBuildConfiguration;
			buildSettings = {
				ASSETCATALOG_COMPILER_APPICON_NAME = AppIcon;
				COMBINE_HIDPI_IMAGES = YES;
				INFOPLIST_FILE = "Supporting Files/Info.plist";
				LD_RUNPATH_SEARCH_PATHS = "$(inherited) @executable_path/../Frameworks";
				MACOSX_DEPLOYMENT_TARGET = 10.10;
				PRODUCT_NAME = "$(TARGET_NAME)";
			};
			name = Release;
		};
/* End XCBuildConfiguration section */

/* Begin XCConfigurationList section */
		80989B8519FBF0A70066AF71 /* Build configuration list for PBXProject "DetachablePopover" */ = {
			isa = XCConfigurationList;
			buildConfigurations = (
				80989BA419FBF0A80066AF71 /* Debug */,
				80989BA519FBF0A80066AF71 /* Release */,
			);
			defaultConfigurationIsVisible = 0;
			defaultConfigurationName = Release;
		};
		80989BA619FBF0A80066AF71 /* Build configuration list for PBXNativeTarget "DetachablePopover" */ = {
			isa = XCConfigurationList;
			buildConfigurations = (
				80989BA719FBF0A80066AF71 /* Debug */,
				80989BA819FBF0A80066AF71 /* Release */,
			);
			defaultConfigurationIsVisible = 0;
			defaultConfigurationName = Release;
		};
/* End XCConfigurationList section */
	};
	rootObject = 80989B8219FBF0A70066AF71 /* Project object */;
}
